<?xml version="1.0" encoding="utf-8"?>
<Project ToolsVersion="4.0" xmlns="http://schemas.microsoft.com/developer/msbuild/2003">
  <ItemGroup>
    <ClCompile Include="src\TestWindowClient.cpp" />
    <ClCompile Include="src\main.cpp" />
    <ClCompile Include="src\pch.cpp" />
    <ClCompile Include="src\resources\miniz.c">
      <Filter>resources</Filter>
    </ClCompile>
    <ClCompile Include="src\resources\Resources.cpp">
      <Filter>resources</Filter>
    </ClCompile>
    <ClCompile Include="src\resources\Zip.cpp">
      <Filter>resources</Filter>
    </ClCompile>
    <ClCompile Include="src\texteditor\editor.cpp">
      <Filter>texteditor</Filter>
    </ClCompile>
    <ClCompile Include="src\texteditor\shape.cpp">
      <Filter>texteditor</Filter>
    </ClCompile>
    <ClCompile Include="src\texteditor\word_boundaries.cpp">
      <Filter>texteditor</Filter>
    </ClCompile>
    <ClCompile Include="src\texteditor\EditorDoc.cpp" />
    <ClCompile Include="src\texteditor\EditorView.cpp" />
    <ClCompile Include="src\texteditor\TextBuffer.cpp">
      <Filter>texteditor</Filter>
    </ClCompile>
  </ItemGroup>
  <ItemGroup>
    <ClInclude Include="src\TestWindowClient.hpp" />
    <ClInclude Include="src\Fps.h" />
    <ClInclude Include="src\pch.h" />
    <ClInclude Include="src\resources\miniz.h">
      <Filter>resources</Filter>
    </ClInclude>
    <ClInclude Include="src\resources\Resources.h">
      <Filter>resources</Filter>
    </ClInclude>
    <ClInclude Include="src\resources\Zip.h">
      <Filter>resources</Filter>
    </ClInclude>
    <ClInclude Include="src\texteditor\editor.h">
      <Filter>texteditor</Filter>
    </ClInclude>
    <ClInclude Include="src\texteditor\shape.h">
      <Filter>texteditor</Filter>
    </ClInclude>
    <ClInclude Include="src\texteditor\word_boundaries.h">
      <Filter>texteditor</Filter>
    </ClInclude>
    <ClInclude Include="src\texteditor\EditorDoc.h" />
    <ClInclude Include="src\texteditor\EditorView.h" />
    <ClInclude Include="src\texteditor\TextBuffer.h">
      <Filter>texteditor</Filter>
    </ClInclude>
    <ClInclude Include="src\texteditor\TextSpan.h">
      <Filter>texteditor</Filter>
    </ClInclude>
  </ItemGroup>
  <ItemGroup>
    <Filter Include="images">
      <UniqueIdentifier>{a2b15b89-fc5b-4ed9-95d9-1eda5f509447}</UniqueIdentifier>
    </Filter>
    <Filter Include="resources">
      <UniqueIdentifier>{5e916ed3-0629-4394-b247-63cee269ed8e}</UniqueIdentifier>
    </Filter>
    <Filter Include="texteditor">
      <UniqueIdentifier>{eb2ca98b-3b5b-40df-b6c1-11951c6c68c4}</UniqueIdentifier>
    </Filter>
  </ItemGroup>
  <ItemGroup>
    <Image Include="src\images\SquareSquare.png">
      <Filter>images</Filter>
    </Image>
    <Image Include="src\images\ColoredSquare.png">
      <Filter>images</Filter>
    </Image>
  </ItemGroup>
</Project>