<?xml version="1.0" encoding="utf-8"?>
<Project ToolsVersion="4.0" xmlns="http://schemas.microsoft.com/developer/msbuild/2003">
  <ItemGroup>
    <Filter Include="Data">
      <UniqueIdentifier>{5c669fcf-a370-4019-b070-8bd383b8a908}</UniqueIdentifier>
    </Filter>
    <Filter Include="graffel">
      <UniqueIdentifier>{4057f7c3-f4d1-442a-b554-429010e73ed7}</UniqueIdentifier>
    </Filter>
    <Filter Include="parser">
      <UniqueIdentifier>{6115de70-d8d5-4f19-aed6-9430dfad8750}</UniqueIdentifier>
    </Filter>
    <Filter Include="syntaxtree">
      <UniqueIdentifier>{a9fdd9c1-028f-4143-b2b0-55d7a22187ef}</UniqueIdentifier>
    </Filter>
  </ItemGroup>
  <ItemGroup>
    <ClCompile Include="parser\Parser.cpp">
      <Filter>parser</Filter>
    </ClCompile>
    <ClCompile Include="parser\Token.cpp">
      <Filter>parser</Filter>
    </ClCompile>
    <ClCompile Include="parser\Tokenizer.cpp">
      <Filter>parser</Filter>
    </ClCompile>
    <ClCompile Include="parser\TokenType.cpp">
      <Filter>parser</Filter>
    </ClCompile>
    <ClCompile Include="Error.cpp" />
    <ClCompile Include="main.cpp" />
    <ClCompile Include="syntaxtree\nodes.cpp">
      <Filter>syntaxtree</Filter>
    </ClCompile>
  </ItemGroup>
  <ItemGroup>
    <None Include="test.graffel">
      <Filter>Data</Filter>
    </None>
    <None Include="specs.graffel">
      <Filter>Data</Filter>
    </None>
    <None Include="graffel.ebnf" />
  </ItemGroup>
  <ItemGroup>
    <ClInclude Include="parser\Parser.h">
      <Filter>parser</Filter>
    </ClInclude>
    <ClInclude Include="parser\Token.h">
      <Filter>parser</Filter>
    </ClInclude>
    <ClInclude Include="parser\Tokenizer.h">
      <Filter>parser</Filter>
    </ClInclude>
    <ClInclude Include="parser\TokenType.h">
      <Filter>parser</Filter>
    </ClInclude>
    <ClInclude Include="syntaxtree\nodes.h">
      <Filter>syntaxtree</Filter>
    </ClInclude>
    <ClInclude Include="defines.h" />
    <ClInclude Include="main.h" />
    <ClInclude Include="syntaxtree\printTree.h">
      <Filter>syntaxtree</Filter>
    </ClInclude>
  </ItemGroup>
</Project>