<?xml version="1.0" encoding="utf-8"?>
<Project ToolsVersion="4.0" xmlns="http://schemas.microsoft.com/developer/msbuild/2003">
  <ItemGroup>
    <ClCompile Include="src\Functions.cpp" />
    <ClCompile Include="src\GraffelWindowClient.cpp" />
    <ClCompile Include="src\InfiniteCanvas.cpp" />
    <ClCompile Include="src\SDLSkiaWindow.cpp" />
    <ClCompile Include="src\SkiaSDLExample.cpp" />
    <ClCompile Include="src\UIElement.cpp" />
    <ClCompile Include="src\pch.cpp" />
  </ItemGroup>
  <ItemGroup>
    <ClInclude Include="src\Functions.h" />
    <ClInclude Include="src\GraffelWindowClient.hpp" />
    <ClInclude Include="src\Fps.h" />
    <ClInclude Include="src\InfiniteCanvas.h" />
    <ClInclude Include="src\pch.h" />
    <ClInclude Include="src\SDLSkiaWindow.h" />
    <ClInclude Include="src\UIElement.h" />
  </ItemGroup>
</Project>